
Microsoft Visual Studio Solution File, Format Version 12.00
# Visual Studio Version 17
VisualStudioVersion = 17.0.31903.59
MinimumVisualStudioVersion = 10.0.40219.1
Project("{2150E333-8FDC-42A3-9474-1A3956D46DE8}") = "src", "src", "{57DF12E7-E915-4195-B934-3C043007B79F}"
EndProject
Project("{9A19103F-16F7-4668-BE54-9A1E7A4F7556}") = "BetterNews.ApplicationCore", "src\BetterNews.ApplicationCore\BetterNews.ApplicationCore.csproj", "{0EF7859E-10FC-4D17-8FFC-EC1FEC235D27}"
EndProject
Project("{9A19103F-16F7-4668-BE54-9A1E7A4F7556}") = "BetterNews.Infrastructure", "src\BetterNews.Infrastructure\BetterNews.Infrastructure.csproj", "{1DAB253B-0ED2-474F-ABAC-E806AB930ABB}"
EndProject
Project("{9A19103F-16F7-4668-BE54-9A1E7A4F7556}") = "BetterNews.Services", "src\BetterNews.Services\BetterNews.Services.csproj", "{1C10FB38-C55D-4A15-8F15-B45AFDAE3DA4}"
EndProject
Project("{9A19103F-16F7-4668-BE54-9A1E7A4F7556}") = "BetterNews.Api", "src\BetterNews.Api\BetterNews.Api.csproj", "{B43A29E2-69E2-480B-838F-4ABFA6384E62}"
EndProject
Project("{2150E333-8FDC-42A3-9474-1A3956D46DE8}") = "tests", "tests", "{675F78A8-B579-4EA1-8037-E53452859DB6}"
EndProject
Project("{9A19103F-16F7-4668-BE54-9A1E7A4F7556}") = "BetterNews.FunctionalTests", "tests\BetterNews.FunctionalTests\BetterNews.FunctionalTests.csproj", "{7401334B-6CE2-468E-A456-C3FD0F42D2FD}"
EndProject
Project("{9A19103F-16F7-4668-BE54-9A1E7A4F7556}") = "BetterNews.IntegrationTests", "tests\BetterNews.IntegrationTests\BetterNews.IntegrationTests.csproj", "{F128C99E-46A3-46DC-8BB1-DE01FD86008F}"
EndProject
Global
	GlobalSection(SolutionConfigurationPlatforms) = preSolution
		Debug|Any CPU = Debug|Any CPU
		Release|Any CPU = Release|Any CPU
	EndGlobalSection
	GlobalSection(ProjectConfigurationPlatforms) = postSolution
		{0EF7859E-10FC-4D17-8FFC-EC1FEC235D27}.Debug|Any CPU.ActiveCfg = Debug|Any CPU
		{0EF7859E-10FC-4D17-8FFC-EC1FEC235D27}.Debug|Any CPU.Build.0 = Debug|Any CPU
		{0EF7859E-10FC-4D17-8FFC-EC1FEC235D27}.Release|Any CPU.ActiveCfg = Release|Any CPU
		{0EF7859E-10FC-4D17-8FFC-EC1FEC235D27}.Release|Any CPU.Build.0 = Release|Any CPU
		{1DAB253B-0ED2-474F-ABAC-E806AB930ABB}.Debug|Any CPU.ActiveCfg = Debug|Any CPU
		{1DAB253B-0ED2-474F-ABAC-E806AB930ABB}.Debug|Any CPU.Build.0 = Debug|Any CPU
		{1DAB253B-0ED2-474F-ABAC-E806AB930ABB}.Release|Any CPU.ActiveCfg = Release|Any CPU
		{1DAB253B-0ED2-474F-ABAC-E806AB930ABB}.Release|Any CPU.Build.0 = Release|Any CPU
		{1C10FB38-C55D-4A15-8F15-B45AFDAE3DA4}.Debug|Any CPU.ActiveCfg = Debug|Any CPU
		{1C10FB38-C55D-4A15-8F15-B45AFDAE3DA4}.Debug|Any CPU.Build.0 = Debug|Any CPU
		{1C10FB38-C55D-4A15-8F15-B45AFDAE3DA4}.Release|Any CPU.ActiveCfg = Release|Any CPU
		{1C10FB38-C55D-4A15-8F15-B45AFDAE3DA4}.Release|Any CPU.Build.0 = Release|Any CPU
		{B43A29E2-69E2-480B-838F-4ABFA6384E62}.Debug|Any CPU.ActiveCfg = Debug|Any CPU
		{B43A29E2-69E2-480B-838F-4ABFA6384E62}.Debug|Any CPU.Build.0 = Debug|Any CPU
		{B43A29E2-69E2-480B-838F-4ABFA6384E62}.Release|Any CPU.ActiveCfg = Release|Any CPU
		{B43A29E2-69E2-480B-838F-4ABFA6384E62}.Release|Any CPU.Build.0 = Release|Any CPU
		{7401334B-6CE2-468E-A456-C3FD0F42D2FD}.Debug|Any CPU.ActiveCfg = Debug|Any CPU
		{7401334B-6CE2-468E-A456-C3FD0F42D2FD}.Debug|Any CPU.Build.0 = Debug|Any CPU
		{7401334B-6CE2-468E-A456-C3FD0F42D2FD}.Release|Any CPU.ActiveCfg = Release|Any CPU
		{7401334B-6CE2-468E-A456-C3FD0F42D2FD}.Release|Any CPU.Build.0 = Release|Any CPU
		{F128C99E-46A3-46DC-8BB1-DE01FD86008F}.Debug|Any CPU.ActiveCfg = Debug|Any CPU
		{F128C99E-46A3-46DC-8BB1-DE01FD86008F}.Debug|Any CPU.Build.0 = Debug|Any CPU
		{F128C99E-46A3-46DC-8BB1-DE01FD86008F}.Release|Any CPU.ActiveCfg = Release|Any CPU
		{F128C99E-46A3-46DC-8BB1-DE01FD86008F}.Release|Any CPU.Build.0 = Release|Any CPU
	EndGlobalSection
	GlobalSection(SolutionProperties) = preSolution
		HideSolutionNode = FALSE
	EndGlobalSection
	GlobalSection(NestedProjects) = preSolution
		{0EF7859E-10FC-4D17-8FFC-EC1FEC235D27} = {57DF12E7-E915-4195-B934-3C043007B79F}
		{1DAB253B-0ED2-474F-ABAC-E806AB930ABB} = {57DF12E7-E915-4195-B934-3C043007B79F}
		{1C10FB38-C55D-4A15-8F15-B45AFDAE3DA4} = {57DF12E7-E915-4195-B934-3C043007B79F}
		{B43A29E2-69E2-480B-838F-4ABFA6384E62} = {57DF12E7-E915-4195-B934-3C043007B79F}
		{7401334B-6CE2-468E-A456-C3FD0F42D2FD} = {675F78A8-B579-4EA1-8037-E53452859DB6}
		{F128C99E-46A3-46DC-8BB1-DE01FD86008F} = {675F78A8-B579-4EA1-8037-E53452859DB6}
	EndGlobalSection
	GlobalSection(ExtensibilityGlobals) = postSolution
		SolutionGuid = {1B8A26E5-ABF9-4415-A312-1907BECC3D5E}
	EndGlobalSection
EndGlobal
